// !$*UTF8*$!
{
	archiveVersion = 1;
	classes = {
	};
	objectVersion = 46;
	objects = {

/* Begin PBXBuildFile section */
		4E16D82F1E9CD0FE002A1881 /* main.m in Sources */ = {isa = PBXBuildFile; fileRef = 4E16D82E1E9CD0FE002A1881 /* main.m */; };
		4E16D8321E9CD0FE002A1881 /* AppDelegate.m in Sources */ = {isa = PBXBuildFile; fileRef = 4E16D8311E9CD0FE002A1881 /* AppDelegate.m */; };
		4E16D8351E9CD0FE002A1881 /* ViewController.m in Sources */ = {isa = PBXBuildFile; fileRef = 4E16D8341E9CD0FE002A1881 /* ViewController.m */; };
		4E16D8381E9CD0FE002A1881 /* Main.storyboard in Resources */ = {isa = PBXBuildFile; fileRef = 4E16D8361E9CD0FE002A1881 /* Main.storyboard */; };
		4E16D83A1E9CD0FE002A1881 /* Assets.xcassets in Resources */ = {isa = PBXBuildFile; fileRef = 4E16D8391E9CD0FE002A1881 /* Assets.xcassets */; };
		4E16D83D1E9CD0FE002A1881 /* LaunchScreen.storyboard in Resources */ = {isa = PBXBuildFile; fileRef = 4E16D83B1E9CD0FE002A1881 /* LaunchScreen.storyboard */; };
		4E16D8481E9CD0FE002A1881 /* hoomxbTests.m in Sources */ = {isa = PBXBuildFile; fileRef = 4E16D8471E9CD0FE002A1881 /* hoomxbTests.m */; };
		4E16D8531E9CD0FE002A1881 /* hoomxbUITests.m in Sources */ = {isa = PBXBuildFile; fileRef = 4E16D8521E9CD0FE002A1881 /* hoomxbUITests.m */; };
		4E26E3AF1EA0FE660078B419 /* NYBaseRequest.m in Sources */ = {isa = PBXBuildFile; fileRef = 4E26E3A51EA0FE660078B419 /* NYBaseRequest.m */; };
		4E26E3B01EA0FE660078B419 /* NYHTTPConnection.m in Sources */ = {isa = PBXBuildFile; fileRef = 4E26E3A71EA0FE660078B419 /* NYHTTPConnection.m */; };
		4E26E3B11EA0FE660078B419 /* NYNetworkConfig.m in Sources */ = {isa = PBXBuildFile; fileRef = 4E26E3AA1EA0FE660078B419 /* NYNetworkConfig.m */; };
		4E26E3B21EA0FE660078B419 /* NYNetworkManager+DefaultMethod.m in Sources */ = {isa = PBXBuildFile; fileRef = 4E26E3AC1EA0FE660078B419 /* NYNetworkManager+DefaultMethod.m */; };
		4E26E3B31EA0FE660078B419 /* NYNetworkManager.m in Sources */ = {isa = PBXBuildFile; fileRef = 4E26E3AE1EA0FE660078B419 /* NYNetworkManager.m */; };
		4E26E3B81EA0FE790078B419 /* RequestTestAPI.m in Sources */ = {isa = PBXBuildFile; fileRef = 4E26E3B51EA0FE790078B419 /* RequestTestAPI.m */; };
		4E26E3B91EA0FE790078B419 /* TokenAPI.m in Sources */ = {isa = PBXBuildFile; fileRef = 4E26E3B71EA0FE790078B419 /* TokenAPI.m */; };
		4E26E3BD1EA0FEED0078B419 /* tokenModel.m in Sources */ = {isa = PBXBuildFile; fileRef = 4E26E3BC1EA0FEED0078B419 /* tokenModel.m */; };
		4E26E3C01EA0FEFE0078B419 /* BaseModel.m in Sources */ = {isa = PBXBuildFile; fileRef = 4E26E3BF1EA0FEFE0078B419 /* BaseModel.m */; };
		4E26E3C61EA0FF4C0078B419 /* KeyChainManage.m in Sources */ = {isa = PBXBuildFile; fileRef = 4E26E3C31EA0FF4C0078B419 /* KeyChainManage.m */; };
		4E26E3C71EA0FF4C0078B419 /* UserDefaultManage.m in Sources */ = {isa = PBXBuildFile; fileRef = 4E26E3C51EA0FF4C0078B419 /* UserDefaultManage.m */; };
		8798486D20A7A12B9E7539FF /* libPods-hoomxb.a in Frameworks */ = {isa = PBXBuildFile; fileRef = DC70697F0D078A1E9909D148 /* libPods-hoomxb.a */; };
		E122D8461EA0CAB900DC71ED /* HXBBaseCollectionView.m in Sources */ = {isa = PBXBuildFile; fileRef = E122D80B1EA0CAB900DC71ED /* HXBBaseCollectionView.m */; };
		E122D8471EA0CAB900DC71ED /* HXBBaseCollectionViewCell.m in Sources */ = {isa = PBXBuildFile; fileRef = E122D80D1EA0CAB900DC71ED /* HXBBaseCollectionViewCell.m */; };
		E122D8481EA0CAB900DC71ED /* HXBBaseHandDate.m in Sources */ = {isa = PBXBuildFile; fileRef = E122D80F1EA0CAB900DC71ED /* HXBBaseHandDate.m */; };
		E122D8491EA0CAB900DC71ED /* HXBBaseTableView.m in Sources */ = {isa = PBXBuildFile; fileRef = E122D8111EA0CAB900DC71ED /* HXBBaseTableView.m */; };
		E122D84A1EA0CAB900DC71ED /* HXBBaseTableViewCell.m in Sources */ = {isa = PBXBuildFile; fileRef = E122D8131EA0CAB900DC71ED /* HXBBaseTableViewCell.m */; };
		E122D84B1EA0CAB900DC71ED /* HXBBaseViewController.m in Sources */ = {isa = PBXBuildFile; fileRef = E122D8151EA0CAB900DC71ED /* HXBBaseViewController.m */; };
		E122D84C1EA0CAB900DC71ED /* NSArray+HxbLog.m in Sources */ = {isa = PBXBuildFile; fileRef = E122D8191EA0CAB900DC71ED /* NSArray+HxbLog.m */; };
		E122D84D1EA0CAB900DC71ED /* NSObject+Hxb.m in Sources */ = {isa = PBXBuildFile; fileRef = E122D81B1EA0CAB900DC71ED /* NSObject+Hxb.m */; };
		E122D84E1EA0CAB900DC71ED /* NSObject+HxbRunTime.m in Sources */ = {isa = PBXBuildFile; fileRef = E122D81D1EA0CAB900DC71ED /* NSObject+HxbRunTime.m */; };
		E122D84F1EA0CAB900DC71ED /* NSAttributedString+HxbAttributedString.m in Sources */ = {isa = PBXBuildFile; fileRef = E122D8201EA0CAB900DC71ED /* NSAttributedString+HxbAttributedString.m */; };
		E122D8501EA0CAB900DC71ED /* NSString+CopiesTransfer.m in Sources */ = {isa = PBXBuildFile; fileRef = E122D8221EA0CAB900DC71ED /* NSString+CopiesTransfer.m */; };
		E122D8511EA0CAB900DC71ED /* NSString+HxbGeneral.m in Sources */ = {isa = PBXBuildFile; fileRef = E122D8241EA0CAB900DC71ED /* NSString+HxbGeneral.m */; };
		E122D8521EA0CAB900DC71ED /* NSString+HxbHash.m in Sources */ = {isa = PBXBuildFile; fileRef = E122D8261EA0CAB900DC71ED /* NSString+HxbHash.m */; };
		E122D8531EA0CAB900DC71ED /* NSString+HxbMask.m in Sources */ = {isa = PBXBuildFile; fileRef = E122D8281EA0CAB900DC71ED /* NSString+HxbMask.m */; };
		E122D8541EA0CAB900DC71ED /* NSString+HxbPerMilMoney.m in Sources */ = {isa = PBXBuildFile; fileRef = E122D82A1EA0CAB900DC71ED /* NSString+HxbPerMilMoney.m */; };
		E122D8551EA0CAB900DC71ED /* NSString+HxbSortDicMD5.m in Sources */ = {isa = PBXBuildFile; fileRef = E122D82C1EA0CAB900DC71ED /* NSString+HxbSortDicMD5.m */; };
		E122D8561EA0CAB900DC71ED /* UIColor+HxbColor.m in Sources */ = {isa = PBXBuildFile; fileRef = E122D82F1EA0CAB900DC71ED /* UIColor+HxbColor.m */; };
		E122D8571EA0CAB900DC71ED /* UIResponder+FindNext.m in Sources */ = {isa = PBXBuildFile; fileRef = E122D8321EA0CAB900DC71ED /* UIResponder+FindNext.m */; };
		E122D8581EA0CAB900DC71ED /* UIScreen+Hxb.m in Sources */ = {isa = PBXBuildFile; fileRef = E122D8351EA0CAB900DC71ED /* UIScreen+Hxb.m */; };
		E122D8591EA0CAB900DC71ED /* UIButton+HxbButton.m in Sources */ = {isa = PBXBuildFile; fileRef = E122D8381EA0CAB900DC71ED /* UIButton+HxbButton.m */; };
		E122D85A1EA0CAB900DC71ED /* UIImageView+HxbSDWebImage.m in Sources */ = {isa = PBXBuildFile; fileRef = E122D83A1EA0CAB900DC71ED /* UIImageView+HxbSDWebImage.m */; };
		E122D85B1EA0CAB900DC71ED /* UILabel+HxbLabel.m in Sources */ = {isa = PBXBuildFile; fileRef = E122D83C1EA0CAB900DC71ED /* UILabel+HxbLabel.m */; };
		E122D85C1EA0CAB900DC71ED /* UITableView+HxbTableView.m in Sources */ = {isa = PBXBuildFile; fileRef = E122D83E1EA0CAB900DC71ED /* UITableView+HxbTableView.m */; };
		E122D85D1EA0CAB900DC71ED /* UIView+HxbView.m in Sources */ = {isa = PBXBuildFile; fileRef = E122D8401EA0CAB900DC71ED /* UIView+HxbView.m */; };
		E122D85E1EA0CAB900DC71ED /* UIViewController+HxbViewController.m in Sources */ = {isa = PBXBuildFile; fileRef = E122D8431EA0CAB900DC71ED /* UIViewController+HxbViewController.m */; };
/* End PBXBuildFile section */

/* Begin PBXContainerItemProxy section */
		4E16D8441E9CD0FE002A1881 /* PBXContainerItemProxy */ = {
			isa = PBXContainerItemProxy;
			containerPortal = 4E16D8221E9CD0FE002A1881 /* Project object */;
			proxyType = 1;
			remoteGlobalIDString = 4E16D8291E9CD0FE002A1881;
			remoteInfo = hoomxb;
		};
		4E16D84F1E9CD0FE002A1881 /* PBXContainerItemProxy */ = {
			isa = PBXContainerItemProxy;
			containerPortal = 4E16D8221E9CD0FE002A1881 /* Project object */;
			proxyType = 1;
			remoteGlobalIDString = 4E16D8291E9CD0FE002A1881;
			remoteInfo = hoomxb;
		};
/* End PBXContainerItemProxy section */

/* Begin PBXFileReference section */
		4E16D82A1E9CD0FE002A1881 /* hoomxb.app */ = {isa = PBXFileReference; explicitFileType = wrapper.application; includeInIndex = 0; path = hoomxb.app; sourceTree = BUILT_PRODUCTS_DIR; };
		4E16D82E1E9CD0FE002A1881 /* main.m */ = {isa = PBXFileReference; lastKnownFileType = sourcecode.c.objc; path = main.m; sourceTree = "<group>"; };
		4E16D8301E9CD0FE002A1881 /* AppDelegate.h */ = {isa = PBXFileReference; lastKnownFileType = sourcecode.c.h; path = AppDelegate.h; sourceTree = "<group>"; };
		4E16D8311E9CD0FE002A1881 /* AppDelegate.m */ = {isa = PBXFileReference; lastKnownFileType = sourcecode.c.objc; path = AppDelegate.m; sourceTree = "<group>"; };
		4E16D8331E9CD0FE002A1881 /* ViewController.h */ = {isa = PBXFileReference; lastKnownFileType = sourcecode.c.h; path = ViewController.h; sourceTree = "<group>"; };
		4E16D8341E9CD0FE002A1881 /* ViewController.m */ = {isa = PBXFileReference; lastKnownFileType = sourcecode.c.objc; path = ViewController.m; sourceTree = "<group>"; };
		4E16D8371E9CD0FE002A1881 /* Base */ = {isa = PBXFileReference; lastKnownFileType = file.storyboard; name = Base; path = Base.lproj/Main.storyboard; sourceTree = "<group>"; };
		4E16D8391E9CD0FE002A1881 /* Assets.xcassets */ = {isa = PBXFileReference; lastKnownFileType = folder.assetcatalog; path = Assets.xcassets; sourceTree = "<group>"; };
		4E16D83C1E9CD0FE002A1881 /* Base */ = {isa = PBXFileReference; lastKnownFileType = file.storyboard; name = Base; path = Base.lproj/LaunchScreen.storyboard; sourceTree = "<group>"; };
		4E16D83E1E9CD0FE002A1881 /* Info.plist */ = {isa = PBXFileReference; lastKnownFileType = text.plist.xml; path = Info.plist; sourceTree = "<group>"; };
		4E16D8431E9CD0FE002A1881 /* hoomxbTests.xctest */ = {isa = PBXFileReference; explicitFileType = wrapper.cfbundle; includeInIndex = 0; path = hoomxbTests.xctest; sourceTree = BUILT_PRODUCTS_DIR; };
		4E16D8471E9CD0FE002A1881 /* hoomxbTests.m */ = {isa = PBXFileReference; lastKnownFileType = sourcecode.c.objc; path = hoomxbTests.m; sourceTree = "<group>"; };
		4E16D8491E9CD0FE002A1881 /* Info.plist */ = {isa = PBXFileReference; lastKnownFileType = text.plist.xml; path = Info.plist; sourceTree = "<group>"; };
		4E16D84E1E9CD0FE002A1881 /* hoomxbUITests.xctest */ = {isa = PBXFileReference; explicitFileType = wrapper.cfbundle; includeInIndex = 0; path = hoomxbUITests.xctest; sourceTree = BUILT_PRODUCTS_DIR; };
		4E16D8521E9CD0FE002A1881 /* hoomxbUITests.m */ = {isa = PBXFileReference; lastKnownFileType = sourcecode.c.objc; path = hoomxbUITests.m; sourceTree = "<group>"; };
		4E16D8541E9CD0FE002A1881 /* Info.plist */ = {isa = PBXFileReference; lastKnownFileType = text.plist.xml; path = Info.plist; sourceTree = "<group>"; };
		4E26E3A41EA0FE660078B419 /* NYBaseRequest.h */ = {isa = PBXFileReference; fileEncoding = 4; lastKnownFileType = sourcecode.c.h; path = NYBaseRequest.h; sourceTree = "<group>"; };
		4E26E3A51EA0FE660078B419 /* NYBaseRequest.m */ = {isa = PBXFileReference; fileEncoding = 4; lastKnownFileType = sourcecode.c.objc; path = NYBaseRequest.m; sourceTree = "<group>"; };
		4E26E3A61EA0FE660078B419 /* NYHTTPConnection.h */ = {isa = PBXFileReference; fileEncoding = 4; lastKnownFileType = sourcecode.c.h; path = NYHTTPConnection.h; sourceTree = "<group>"; };
		4E26E3A71EA0FE660078B419 /* NYHTTPConnection.m */ = {isa = PBXFileReference; fileEncoding = 4; lastKnownFileType = sourcecode.c.objc; path = NYHTTPConnection.m; sourceTree = "<group>"; };
		4E26E3A81EA0FE660078B419 /* NYNetwork.h */ = {isa = PBXFileReference; fileEncoding = 4; lastKnownFileType = sourcecode.c.h; path = NYNetwork.h; sourceTree = "<group>"; };
		4E26E3A91EA0FE660078B419 /* NYNetworkConfig.h */ = {isa = PBXFileReference; fileEncoding = 4; lastKnownFileType = sourcecode.c.h; path = NYNetworkConfig.h; sourceTree = "<group>"; };
		4E26E3AA1EA0FE660078B419 /* NYNetworkConfig.m */ = {isa = PBXFileReference; fileEncoding = 4; lastKnownFileType = sourcecode.c.objc; path = NYNetworkConfig.m; sourceTree = "<group>"; };
		4E26E3AB1EA0FE660078B419 /* NYNetworkManager+DefaultMethod.h */ = {isa = PBXFileReference; fileEncoding = 4; lastKnownFileType = sourcecode.c.h; path = "NYNetworkManager+DefaultMethod.h"; sourceTree = "<group>"; };
		4E26E3AC1EA0FE660078B419 /* NYNetworkManager+DefaultMethod.m */ = {isa = PBXFileReference; fileEncoding = 4; lastKnownFileType = sourcecode.c.objc; path = "NYNetworkManager+DefaultMethod.m"; sourceTree = "<group>"; };
		4E26E3AD1EA0FE660078B419 /* NYNetworkManager.h */ = {isa = PBXFileReference; fileEncoding = 4; lastKnownFileType = sourcecode.c.h; path = NYNetworkManager.h; sourceTree = "<group>"; };
		4E26E3AE1EA0FE660078B419 /* NYNetworkManager.m */ = {isa = PBXFileReference; fileEncoding = 4; lastKnownFileType = sourcecode.c.objc; path = NYNetworkManager.m; sourceTree = "<group>"; };
		4E26E3B41EA0FE790078B419 /* RequestTestAPI.h */ = {isa = PBXFileReference; fileEncoding = 4; lastKnownFileType = sourcecode.c.h; path = RequestTestAPI.h; sourceTree = "<group>"; };
		4E26E3B51EA0FE790078B419 /* RequestTestAPI.m */ = {isa = PBXFileReference; fileEncoding = 4; lastKnownFileType = sourcecode.c.objc; path = RequestTestAPI.m; sourceTree = "<group>"; };
		4E26E3B61EA0FE790078B419 /* TokenAPI.h */ = {isa = PBXFileReference; fileEncoding = 4; lastKnownFileType = sourcecode.c.h; path = TokenAPI.h; sourceTree = "<group>"; };
		4E26E3B71EA0FE790078B419 /* TokenAPI.m */ = {isa = PBXFileReference; fileEncoding = 4; lastKnownFileType = sourcecode.c.objc; path = TokenAPI.m; sourceTree = "<group>"; };
		4E26E3BB1EA0FEED0078B419 /* tokenModel.h */ = {isa = PBXFileReference; fileEncoding = 4; lastKnownFileType = sourcecode.c.h; path = tokenModel.h; sourceTree = "<group>"; };
		4E26E3BC1EA0FEED0078B419 /* tokenModel.m */ = {isa = PBXFileReference; fileEncoding = 4; lastKnownFileType = sourcecode.c.objc; path = tokenModel.m; sourceTree = "<group>"; };
		4E26E3BE1EA0FEFE0078B419 /* BaseModel.h */ = {isa = PBXFileReference; fileEncoding = 4; lastKnownFileType = sourcecode.c.h; path = BaseModel.h; sourceTree = "<group>"; };
		4E26E3BF1EA0FEFE0078B419 /* BaseModel.m */ = {isa = PBXFileReference; fileEncoding = 4; lastKnownFileType = sourcecode.c.objc; path = BaseModel.m; sourceTree = "<group>"; };
		4E26E3C21EA0FF4C0078B419 /* KeyChainManage.h */ = {isa = PBXFileReference; fileEncoding = 4; lastKnownFileType = sourcecode.c.h; path = KeyChainManage.h; sourceTree = "<group>"; };
		4E26E3C31EA0FF4C0078B419 /* KeyChainManage.m */ = {isa = PBXFileReference; fileEncoding = 4; lastKnownFileType = sourcecode.c.objc; path = KeyChainManage.m; sourceTree = "<group>"; };
		4E26E3C41EA0FF4C0078B419 /* UserDefaultManage.h */ = {isa = PBXFileReference; fileEncoding = 4; lastKnownFileType = sourcecode.c.h; path = UserDefaultManage.h; sourceTree = "<group>"; };
		4E26E3C51EA0FF4C0078B419 /* UserDefaultManage.m */ = {isa = PBXFileReference; fileEncoding = 4; lastKnownFileType = sourcecode.c.objc; path = UserDefaultManage.m; sourceTree = "<group>"; };
		4EA93FBC1EA0A59D002F3615 /* HXBFontMacro.h */ = {isa = PBXFileReference; fileEncoding = 4; lastKnownFileType = sourcecode.c.h; path = HXBFontMacro.h; sourceTree = "<group>"; };
		4EA93FBD1EA0A5AB002F3615 /* HXBAPI.h */ = {isa = PBXFileReference; fileEncoding = 4; lastKnownFileType = sourcecode.c.h; path = HXBAPI.h; sourceTree = "<group>"; };
		4EA93FBE1EA0A5B9002F3615 /* MacrosInBusiness.h */ = {isa = PBXFileReference; fileEncoding = 4; lastKnownFileType = sourcecode.c.h; path = MacrosInBusiness.h; sourceTree = "<group>"; };
		4EA93FBF1EA0A5FB002F3615 /* PrefixHeader.pch */ = {isa = PBXFileReference; fileEncoding = 4; lastKnownFileType = sourcecode.c.h; path = PrefixHeader.pch; sourceTree = "<group>"; };
		4EA93FC01EA0A6D0002F3615 /* HXBColorMacro.h */ = {isa = PBXFileReference; fileEncoding = 4; lastKnownFileType = sourcecode.c.h; path = HXBColorMacro.h; sourceTree = "<group>"; };
		B0BEC6A7C6764ACD873C45F7 /* Pods-hoomxb.release.xcconfig */ = {isa = PBXFileReference; includeInIndex = 1; lastKnownFileType = text.xcconfig; name = "Pods-hoomxb.release.xcconfig"; path = "Pods/Target Support Files/Pods-hoomxb/Pods-hoomxb.release.xcconfig"; sourceTree = "<group>"; };
		DC70697F0D078A1E9909D148 /* libPods-hoomxb.a */ = {isa = PBXFileReference; explicitFileType = archive.ar; includeInIndex = 0; path = "libPods-hoomxb.a"; sourceTree = BUILT_PRODUCTS_DIR; };
		DD263FCB1559682F39BCB7A9 /* Pods-hoomxb.debug.xcconfig */ = {isa = PBXFileReference; includeInIndex = 1; lastKnownFileType = text.xcconfig; name = "Pods-hoomxb.debug.xcconfig"; path = "Pods/Target Support Files/Pods-hoomxb/Pods-hoomxb.debug.xcconfig"; sourceTree = "<group>"; };
		E122D80A1EA0CAB900DC71ED /* HXBBaseCollectionView.h */ = {isa = PBXFileReference; fileEncoding = 4; lastKnownFileType = sourcecode.c.h; path = HXBBaseCollectionView.h; sourceTree = "<group>"; };
		E122D80B1EA0CAB900DC71ED /* HXBBaseCollectionView.m */ = {isa = PBXFileReference; fileEncoding = 4; lastKnownFileType = sourcecode.c.objc; path = HXBBaseCollectionView.m; sourceTree = "<group>"; };
		E122D80C1EA0CAB900DC71ED /* HXBBaseCollectionViewCell.h */ = {isa = PBXFileReference; fileEncoding = 4; lastKnownFileType = sourcecode.c.h; path = HXBBaseCollectionViewCell.h; sourceTree = "<group>"; };
		E122D80D1EA0CAB900DC71ED /* HXBBaseCollectionViewCell.m */ = {isa = PBXFileReference; fileEncoding = 4; lastKnownFileType = sourcecode.c.objc; path = HXBBaseCollectionViewCell.m; sourceTree = "<group>"; };
		E122D80E1EA0CAB900DC71ED /* HXBBaseHandDate.h */ = {isa = PBXFileReference; fileEncoding = 4; lastKnownFileType = sourcecode.c.h; path = HXBBaseHandDate.h; sourceTree = "<group>"; };
		E122D80F1EA0CAB900DC71ED /* HXBBaseHandDate.m */ = {isa = PBXFileReference; fileEncoding = 4; lastKnownFileType = sourcecode.c.objc; path = HXBBaseHandDate.m; sourceTree = "<group>"; };
		E122D8101EA0CAB900DC71ED /* HXBBaseTableView.h */ = {isa = PBXFileReference; fileEncoding = 4; lastKnownFileType = sourcecode.c.h; path = HXBBaseTableView.h; sourceTree = "<group>"; };
		E122D8111EA0CAB900DC71ED /* HXBBaseTableView.m */ = {isa = PBXFileReference; fileEncoding = 4; lastKnownFileType = sourcecode.c.objc; path = HXBBaseTableView.m; sourceTree = "<group>"; };
		E122D8121EA0CAB900DC71ED /* HXBBaseTableViewCell.h */ = {isa = PBXFileReference; fileEncoding = 4; lastKnownFileType = sourcecode.c.h; path = HXBBaseTableViewCell.h; sourceTree = "<group>"; };
		E122D8131EA0CAB900DC71ED /* HXBBaseTableViewCell.m */ = {isa = PBXFileReference; fileEncoding = 4; lastKnownFileType = sourcecode.c.objc; path = HXBBaseTableViewCell.m; sourceTree = "<group>"; };
		E122D8141EA0CAB900DC71ED /* HXBBaseViewController.h */ = {isa = PBXFileReference; fileEncoding = 4; lastKnownFileType = sourcecode.c.h; path = HXBBaseViewController.h; sourceTree = "<group>"; };
		E122D8151EA0CAB900DC71ED /* HXBBaseViewController.m */ = {isa = PBXFileReference; fileEncoding = 4; lastKnownFileType = sourcecode.c.objc; path = HXBBaseViewController.m; sourceTree = "<group>"; };
		E122D8181EA0CAB900DC71ED /* NSArray+HxbLog.h */ = {isa = PBXFileReference; fileEncoding = 4; lastKnownFileType = sourcecode.c.h; path = "NSArray+HxbLog.h"; sourceTree = "<group>"; };
		E122D8191EA0CAB900DC71ED /* NSArray+HxbLog.m */ = {isa = PBXFileReference; fileEncoding = 4; lastKnownFileType = sourcecode.c.objc; path = "NSArray+HxbLog.m"; sourceTree = "<group>"; };
		E122D81A1EA0CAB900DC71ED /* NSObject+Hxb.h */ = {isa = PBXFileReference; fileEncoding = 4; lastKnownFileType = sourcecode.c.h; path = "NSObject+Hxb.h"; sourceTree = "<group>"; };
		E122D81B1EA0CAB900DC71ED /* NSObject+Hxb.m */ = {isa = PBXFileReference; fileEncoding = 4; lastKnownFileType = sourcecode.c.objc; path = "NSObject+Hxb.m"; sourceTree = "<group>"; };
		E122D81C1EA0CAB900DC71ED /* NSObject+HxbRunTime.h */ = {isa = PBXFileReference; fileEncoding = 4; lastKnownFileType = sourcecode.c.h; path = "NSObject+HxbRunTime.h"; sourceTree = "<group>"; };
		E122D81D1EA0CAB900DC71ED /* NSObject+HxbRunTime.m */ = {isa = PBXFileReference; fileEncoding = 4; lastKnownFileType = sourcecode.c.objc; path = "NSObject+HxbRunTime.m"; sourceTree = "<group>"; };
		E122D81F1EA0CAB900DC71ED /* NSAttributedString+HxbAttributedString.h */ = {isa = PBXFileReference; fileEncoding = 4; lastKnownFileType = sourcecode.c.h; path = "NSAttributedString+HxbAttributedString.h"; sourceTree = "<group>"; };
		E122D8201EA0CAB900DC71ED /* NSAttributedString+HxbAttributedString.m */ = {isa = PBXFileReference; fileEncoding = 4; lastKnownFileType = sourcecode.c.objc; path = "NSAttributedString+HxbAttributedString.m"; sourceTree = "<group>"; };
		E122D8211EA0CAB900DC71ED /* NSString+CopiesTransfer.h */ = {isa = PBXFileReference; fileEncoding = 4; lastKnownFileType = sourcecode.c.h; path = "NSString+CopiesTransfer.h"; sourceTree = "<group>"; };
		E122D8221EA0CAB900DC71ED /* NSString+CopiesTransfer.m */ = {isa = PBXFileReference; fileEncoding = 4; lastKnownFileType = sourcecode.c.objc; path = "NSString+CopiesTransfer.m"; sourceTree = "<group>"; };
		E122D8231EA0CAB900DC71ED /* NSString+HxbGeneral.h */ = {isa = PBXFileReference; fileEncoding = 4; lastKnownFileType = sourcecode.c.h; path = "NSString+HxbGeneral.h"; sourceTree = "<group>"; };
		E122D8241EA0CAB900DC71ED /* NSString+HxbGeneral.m */ = {isa = PBXFileReference; fileEncoding = 4; lastKnownFileType = sourcecode.c.objc; path = "NSString+HxbGeneral.m"; sourceTree = "<group>"; };
		E122D8251EA0CAB900DC71ED /* NSString+HxbHash.h */ = {isa = PBXFileReference; fileEncoding = 4; lastKnownFileType = sourcecode.c.h; path = "NSString+HxbHash.h"; sourceTree = "<group>"; };
		E122D8261EA0CAB900DC71ED /* NSString+HxbHash.m */ = {isa = PBXFileReference; fileEncoding = 4; lastKnownFileType = sourcecode.c.objc; path = "NSString+HxbHash.m"; sourceTree = "<group>"; };
		E122D8271EA0CAB900DC71ED /* NSString+HxbMask.h */ = {isa = PBXFileReference; fileEncoding = 4; lastKnownFileType = sourcecode.c.h; path = "NSString+HxbMask.h"; sourceTree = "<group>"; };
		E122D8281EA0CAB900DC71ED /* NSString+HxbMask.m */ = {isa = PBXFileReference; fileEncoding = 4; lastKnownFileType = sourcecode.c.objc; path = "NSString+HxbMask.m"; sourceTree = "<group>"; };
		E122D8291EA0CAB900DC71ED /* NSString+HxbPerMilMoney.h */ = {isa = PBXFileReference; fileEncoding = 4; lastKnownFileType = sourcecode.c.h; path = "NSString+HxbPerMilMoney.h"; sourceTree = "<group>"; };
		E122D82A1EA0CAB900DC71ED /* NSString+HxbPerMilMoney.m */ = {isa = PBXFileReference; fileEncoding = 4; lastKnownFileType = sourcecode.c.objc; path = "NSString+HxbPerMilMoney.m"; sourceTree = "<group>"; };
		E122D82B1EA0CAB900DC71ED /* NSString+HxbSortDicMD5.h */ = {isa = PBXFileReference; fileEncoding = 4; lastKnownFileType = sourcecode.c.h; path = "NSString+HxbSortDicMD5.h"; sourceTree = "<group>"; };
		E122D82C1EA0CAB900DC71ED /* NSString+HxbSortDicMD5.m */ = {isa = PBXFileReference; fileEncoding = 4; lastKnownFileType = sourcecode.c.objc; path = "NSString+HxbSortDicMD5.m"; sourceTree = "<group>"; };
		E122D82E1EA0CAB900DC71ED /* UIColor+HxbColor.h */ = {isa = PBXFileReference; fileEncoding = 4; lastKnownFileType = sourcecode.c.h; path = "UIColor+HxbColor.h"; sourceTree = "<group>"; };
		E122D82F1EA0CAB900DC71ED /* UIColor+HxbColor.m */ = {isa = PBXFileReference; fileEncoding = 4; lastKnownFileType = sourcecode.c.objc; path = "UIColor+HxbColor.m"; sourceTree = "<group>"; };
		E122D8311EA0CAB900DC71ED /* UIResponder+FindNext.h */ = {isa = PBXFileReference; fileEncoding = 4; lastKnownFileType = sourcecode.c.h; path = "UIResponder+FindNext.h"; sourceTree = "<group>"; };
		E122D8321EA0CAB900DC71ED /* UIResponder+FindNext.m */ = {isa = PBXFileReference; fileEncoding = 4; lastKnownFileType = sourcecode.c.objc; path = "UIResponder+FindNext.m"; sourceTree = "<group>"; };
		E122D8341EA0CAB900DC71ED /* UIScreen+Hxb.h */ = {isa = PBXFileReference; fileEncoding = 4; lastKnownFileType = sourcecode.c.h; path = "UIScreen+Hxb.h"; sourceTree = "<group>"; };
		E122D8351EA0CAB900DC71ED /* UIScreen+Hxb.m */ = {isa = PBXFileReference; fileEncoding = 4; lastKnownFileType = sourcecode.c.objc; path = "UIScreen+Hxb.m"; sourceTree = "<group>"; };
		E122D8371EA0CAB900DC71ED /* UIButton+HxbButton.h */ = {isa = PBXFileReference; fileEncoding = 4; lastKnownFileType = sourcecode.c.h; path = "UIButton+HxbButton.h"; sourceTree = "<group>"; };
		E122D8381EA0CAB900DC71ED /* UIButton+HxbButton.m */ = {isa = PBXFileReference; fileEncoding = 4; lastKnownFileType = sourcecode.c.objc; path = "UIButton+HxbButton.m"; sourceTree = "<group>"; };
		E122D8391EA0CAB900DC71ED /* UIImageView+HxbSDWebImage.h */ = {isa = PBXFileReference; fileEncoding = 4; lastKnownFileType = sourcecode.c.h; path = "UIImageView+HxbSDWebImage.h"; sourceTree = "<group>"; };
		E122D83A1EA0CAB900DC71ED /* UIImageView+HxbSDWebImage.m */ = {isa = PBXFileReference; fileEncoding = 4; lastKnownFileType = sourcecode.c.objc; path = "UIImageView+HxbSDWebImage.m"; sourceTree = "<group>"; };
		E122D83B1EA0CAB900DC71ED /* UILabel+HxbLabel.h */ = {isa = PBXFileReference; fileEncoding = 4; lastKnownFileType = sourcecode.c.h; path = "UILabel+HxbLabel.h"; sourceTree = "<group>"; };
		E122D83C1EA0CAB900DC71ED /* UILabel+HxbLabel.m */ = {isa = PBXFileReference; fileEncoding = 4; lastKnownFileType = sourcecode.c.objc; path = "UILabel+HxbLabel.m"; sourceTree = "<group>"; };
		E122D83D1EA0CAB900DC71ED /* UITableView+HxbTableView.h */ = {isa = PBXFileReference; fileEncoding = 4; lastKnownFileType = sourcecode.c.h; path = "UITableView+HxbTableView.h"; sourceTree = "<group>"; };
		E122D83E1EA0CAB900DC71ED /* UITableView+HxbTableView.m */ = {isa = PBXFileReference; fileEncoding = 4; lastKnownFileType = sourcecode.c.objc; path = "UITableView+HxbTableView.m"; sourceTree = "<group>"; };
		E122D83F1EA0CAB900DC71ED /* UIView+HxbView.h */ = {isa = PBXFileReference; fileEncoding = 4; lastKnownFileType = sourcecode.c.h; path = "UIView+HxbView.h"; sourceTree = "<group>"; };
		E122D8401EA0CAB900DC71ED /* UIView+HxbView.m */ = {isa = PBXFileReference; fileEncoding = 4; lastKnownFileType = sourcecode.c.objc; path = "UIView+HxbView.m"; sourceTree = "<group>"; };
		E122D8421EA0CAB900DC71ED /* UIViewController+HxbViewController.h */ = {isa = PBXFileReference; fileEncoding = 4; lastKnownFileType = sourcecode.c.h; path = "UIViewController+HxbViewController.h"; sourceTree = "<group>"; };
		E122D8431EA0CAB900DC71ED /* UIViewController+HxbViewController.m */ = {isa = PBXFileReference; fileEncoding = 4; lastKnownFileType = sourcecode.c.objc; path = "UIViewController+HxbViewController.m"; sourceTree = "<group>"; };
		E122D8441EA0CAB900DC71ED /* HxbBase.h */ = {isa = PBXFileReference; fileEncoding = 4; lastKnownFileType = sourcecode.c.h; path = HxbBase.h; sourceTree = "<group>"; };
		E122D8451EA0CAB900DC71ED /* HxbCategorys.h */ = {isa = PBXFileReference; fileEncoding = 4; lastKnownFileType = sourcecode.c.h; path = HxbCategorys.h; sourceTree = "<group>"; };
/* End PBXFileReference section */

/* Begin PBXFrameworksBuildPhase section */
		4E16D8271E9CD0FE002A1881 /* Frameworks */ = {
			isa = PBXFrameworksBuildPhase;
			buildActionMask = 2147483647;
			files = (
				8798486D20A7A12B9E7539FF /* libPods-hoomxb.a in Frameworks */,
			);
			runOnlyForDeploymentPostprocessing = 0;
		};
		4E16D8401E9CD0FE002A1881 /* Frameworks */ = {
			isa = PBXFrameworksBuildPhase;
			buildActionMask = 2147483647;
			files = (
			);
			runOnlyForDeploymentPostprocessing = 0;
		};
		4E16D84B1E9CD0FE002A1881 /* Frameworks */ = {
			isa = PBXFrameworksBuildPhase;
			buildActionMask = 2147483647;
			files = (
			);
			runOnlyForDeploymentPostprocessing = 0;
		};
/* End PBXFrameworksBuildPhase section */

/* Begin PBXGroup section */
		4E16D8211E9CD0FE002A1881 = {
			isa = PBXGroup;
			children = (
				4E16D82C1E9CD0FE002A1881 /* hoomxb */,
				4E16D8461E9CD0FE002A1881 /* hoomxbTests */,
				4E16D8511E9CD0FE002A1881 /* hoomxbUITests */,
				4E16D82B1E9CD0FE002A1881 /* Products */,
				AB2C5DD4297DD10D18ED07A2 /* Pods */,
				93AB8A7B8B5BF47D9A9FFDF5 /* Frameworks */,
			);
			sourceTree = "<group>";
		};
		4E16D82B1E9CD0FE002A1881 /* Products */ = {
			isa = PBXGroup;
			children = (
				4E16D82A1E9CD0FE002A1881 /* hoomxb.app */,
				4E16D8431E9CD0FE002A1881 /* hoomxbTests.xctest */,
				4E16D84E1E9CD0FE002A1881 /* hoomxbUITests.xctest */,
			);
			name = Products;
			sourceTree = "<group>";
		};
		4E16D82C1E9CD0FE002A1881 /* hoomxb */ = {
			isa = PBXGroup;
			children = (
				4E26E3A11EA0FE660078B419 /* Network */,
				4EA93FBB1EA0A591002F3615 /* Macros */,
				E122D8081EA0CAB900DC71ED /* Tools */,
				4E16D8301E9CD0FE002A1881 /* AppDelegate.h */,
				4E16D8311E9CD0FE002A1881 /* AppDelegate.m */,
				4E16D8331E9CD0FE002A1881 /* ViewController.h */,
				4E16D8341E9CD0FE002A1881 /* ViewController.m */,
				4E16D8361E9CD0FE002A1881 /* Main.storyboard */,
				4E16D82D1E9CD0FE002A1881 /* Supporting Files */,
			);
			path = hoomxb;
			sourceTree = "<group>";
		};
		4E16D82D1E9CD0FE002A1881 /* Supporting Files */ = {
			isa = PBXGroup;
			children = (
				4E16D83B1E9CD0FE002A1881 /* LaunchScreen.storyboard */,
				4E16D8391E9CD0FE002A1881 /* Assets.xcassets */,
				4E16D83E1E9CD0FE002A1881 /* Info.plist */,
				4EA93FBF1EA0A5FB002F3615 /* PrefixHeader.pch */,
				4E16D82E1E9CD0FE002A1881 /* main.m */,
			);
			name = "Supporting Files";
			sourceTree = "<group>";
		};
		4E16D8461E9CD0FE002A1881 /* hoomxbTests */ = {
			isa = PBXGroup;
			children = (
				4E16D8471E9CD0FE002A1881 /* hoomxbTests.m */,
				4E16D8491E9CD0FE002A1881 /* Info.plist */,
			);
			path = hoomxbTests;
			sourceTree = "<group>";
		};
		4E16D8511E9CD0FE002A1881 /* hoomxbUITests */ = {
			isa = PBXGroup;
			children = (
				4E16D8521E9CD0FE002A1881 /* hoomxbUITests.m */,
				4E16D8541E9CD0FE002A1881 /* Info.plist */,
			);
			path = hoomxbUITests;
			sourceTree = "<group>";
		};
		4E26E3A11EA0FE660078B419 /* Network */ = {
			isa = PBXGroup;
			children = (
				4E26E3BA1EA0FED60078B419 /* HxbModel */,
				4E26E3A21EA0FE660078B419 /* HxbAPI */,
				4E26E3A31EA0FE660078B419 /* HxbNetworking */,
			);
			path = Network;
			sourceTree = "<group>";
		};
		4E26E3A21EA0FE660078B419 /* HxbAPI */ = {
			isa = PBXGroup;
			children = (
				4E26E3B41EA0FE790078B419 /* RequestTestAPI.h */,
				4E26E3B51EA0FE790078B419 /* RequestTestAPI.m */,
				4E26E3B61EA0FE790078B419 /* TokenAPI.h */,
				4E26E3B71EA0FE790078B419 /* TokenAPI.m */,
			);
			path = HxbAPI;
			sourceTree = "<group>";
		};
		4E26E3A31EA0FE660078B419 /* HxbNetworking */ = {
			isa = PBXGroup;
			children = (
				4E26E3A41EA0FE660078B419 /* NYBaseRequest.h */,
				4E26E3A51EA0FE660078B419 /* NYBaseRequest.m */,
				4E26E3A61EA0FE660078B419 /* NYHTTPConnection.h */,
				4E26E3A71EA0FE660078B419 /* NYHTTPConnection.m */,
				4E26E3A81EA0FE660078B419 /* NYNetwork.h */,
				4E26E3A91EA0FE660078B419 /* NYNetworkConfig.h */,
				4E26E3AA1EA0FE660078B419 /* NYNetworkConfig.m */,
				4E26E3AB1EA0FE660078B419 /* NYNetworkManager+DefaultMethod.h */,
				4E26E3AC1EA0FE660078B419 /* NYNetworkManager+DefaultMethod.m */,
				4E26E3AD1EA0FE660078B419 /* NYNetworkManager.h */,
				4E26E3AE1EA0FE660078B419 /* NYNetworkManager.m */,
			);
			path = HxbNetworking;
			sourceTree = "<group>";
		};
		4E26E3BA1EA0FED60078B419 /* HxbModel */ = {
			isa = PBXGroup;
			children = (
				4E26E3BE1EA0FEFE0078B419 /* BaseModel.h */,
				4E26E3BF1EA0FEFE0078B419 /* BaseModel.m */,
				4E26E3BB1EA0FEED0078B419 /* tokenModel.h */,
				4E26E3BC1EA0FEED0078B419 /* tokenModel.m */,
			);
			path = HxbModel;
			sourceTree = "<group>";
		};
		4E26E3C11EA0FF4C0078B419 /* Manager */ = {
			isa = PBXGroup;
			children = (
				4E26E3C21EA0FF4C0078B419 /* KeyChainManage.h */,
				4E26E3C31EA0FF4C0078B419 /* KeyChainManage.m */,
				4E26E3C41EA0FF4C0078B419 /* UserDefaultManage.h */,
				4E26E3C51EA0FF4C0078B419 /* UserDefaultManage.m */,
			);
			path = Manager;
			sourceTree = "<group>";
		};
		4EA93FBB1EA0A591002F3615 /* Macros */ = {
			isa = PBXGroup;
			children = (
				4EA93FBE1EA0A5B9002F3615 /* MacrosInBusiness.h */,
				4EA93FBD1EA0A5AB002F3615 /* HXBAPI.h */,
				4EA93FC01EA0A6D0002F3615 /* HXBColorMacro.h */,
				4EA93FBC1EA0A59D002F3615 /* HXBFontMacro.h */,
			);
			path = Macros;
			sourceTree = "<group>";
		};
		93AB8A7B8B5BF47D9A9FFDF5 /* Frameworks */ = {
			isa = PBXGroup;
			children = (
				DC70697F0D078A1E9909D148 /* libPods-hoomxb.a */,
			);
			name = Frameworks;
			sourceTree = "<group>";
		};
		AB2C5DD4297DD10D18ED07A2 /* Pods */ = {
			isa = PBXGroup;
			children = (
				DD263FCB1559682F39BCB7A9 /* Pods-hoomxb.debug.xcconfig */,
				B0BEC6A7C6764ACD873C45F7 /* Pods-hoomxb.release.xcconfig */,
			);
			name = Pods;
			sourceTree = "<group>";
		};
		E122D8081EA0CAB900DC71ED /* Tools */ = {
			isa = PBXGroup;
			children = (
				E122D8441EA0CAB900DC71ED /* HxbBase.h */,
				E122D8451EA0CAB900DC71ED /* HxbCategorys.h */,
				4E26E3C11EA0FF4C0078B419 /* Manager */,
				E122D8091EA0CAB900DC71ED /* Base */,
				E122D8161EA0CAB900DC71ED /* Category */,
			);
			path = Tools;
			sourceTree = "<group>";
		};
		E122D8091EA0CAB900DC71ED /* Base */ = {
			isa = PBXGroup;
			children = (
				E122D80A1EA0CAB900DC71ED /* HXBBaseCollectionView.h */,
				E122D80B1EA0CAB900DC71ED /* HXBBaseCollectionView.m */,
				E122D80C1EA0CAB900DC71ED /* HXBBaseCollectionViewCell.h */,
				E122D80D1EA0CAB900DC71ED /* HXBBaseCollectionViewCell.m */,
				E122D80E1EA0CAB900DC71ED /* HXBBaseHandDate.h */,
				E122D80F1EA0CAB900DC71ED /* HXBBaseHandDate.m */,
				E122D8101EA0CAB900DC71ED /* HXBBaseTableView.h */,
				E122D8111EA0CAB900DC71ED /* HXBBaseTableView.m */,
				E122D8121EA0CAB900DC71ED /* HXBBaseTableViewCell.h */,
				E122D8131EA0CAB900DC71ED /* HXBBaseTableViewCell.m */,
				E122D8141EA0CAB900DC71ED /* HXBBaseViewController.h */,
				E122D8151EA0CAB900DC71ED /* HXBBaseViewController.m */,
			);
			path = Base;
			sourceTree = "<group>";
		};
		E122D8161EA0CAB900DC71ED /* Category */ = {
			isa = PBXGroup;
			children = (
				E122D8411EA0CAB900DC71ED /* UIViewController */,
				E122D8361EA0CAB900DC71ED /* UIView */,
				E122D8331EA0CAB900DC71ED /* UIScreen */,
				E122D82D1EA0CAB900DC71ED /* UIColor */,
				E122D8301EA0CAB900DC71ED /* UIResponder */,
				E122D8171EA0CAB900DC71ED /* NSObject */,
				E122D81E1EA0CAB900DC71ED /* NSString */,
			);
			path = Category;
			sourceTree = "<group>";
		};
		E122D8171EA0CAB900DC71ED /* NSObject */ = {
			isa = PBXGroup;
			children = (
				E122D8181EA0CAB900DC71ED /* NSArray+HxbLog.h */,
				E122D8191EA0CAB900DC71ED /* NSArray+HxbLog.m */,
				E122D81A1EA0CAB900DC71ED /* NSObject+Hxb.h */,
				E122D81B1EA0CAB900DC71ED /* NSObject+Hxb.m */,
				E122D81C1EA0CAB900DC71ED /* NSObject+HxbRunTime.h */,
				E122D81D1EA0CAB900DC71ED /* NSObject+HxbRunTime.m */,
			);
			path = NSObject;
			sourceTree = "<group>";
		};
		E122D81E1EA0CAB900DC71ED /* NSString */ = {
			isa = PBXGroup;
			children = (
				E122D81F1EA0CAB900DC71ED /* NSAttributedString+HxbAttributedString.h */,
				E122D8201EA0CAB900DC71ED /* NSAttributedString+HxbAttributedString.m */,
				E122D8211EA0CAB900DC71ED /* NSString+CopiesTransfer.h */,
				E122D8221EA0CAB900DC71ED /* NSString+CopiesTransfer.m */,
				E122D8231EA0CAB900DC71ED /* NSString+HxbGeneral.h */,
				E122D8241EA0CAB900DC71ED /* NSString+HxbGeneral.m */,
				E122D8251EA0CAB900DC71ED /* NSString+HxbHash.h */,
				E122D8261EA0CAB900DC71ED /* NSString+HxbHash.m */,
				E122D8271EA0CAB900DC71ED /* NSString+HxbMask.h */,
				E122D8281EA0CAB900DC71ED /* NSString+HxbMask.m */,
				E122D8291EA0CAB900DC71ED /* NSString+HxbPerMilMoney.h */,
				E122D82A1EA0CAB900DC71ED /* NSString+HxbPerMilMoney.m */,
				E122D82B1EA0CAB900DC71ED /* NSString+HxbSortDicMD5.h */,
				E122D82C1EA0CAB900DC71ED /* NSString+HxbSortDicMD5.m */,
			);
			path = NSString;
			sourceTree = "<group>";
		};
		E122D82D1EA0CAB900DC71ED /* UIColor */ = {
			isa = PBXGroup;
			children = (
				E122D82E1EA0CAB900DC71ED /* UIColor+HxbColor.h */,
				E122D82F1EA0CAB900DC71ED /* UIColor+HxbColor.m */,
			);
			path = UIColor;
			sourceTree = "<group>";
		};
		E122D8301EA0CAB900DC71ED /* UIResponder */ = {
			isa = PBXGroup;
			children = (
				E122D8311EA0CAB900DC71ED /* UIResponder+FindNext.h */,
				E122D8321EA0CAB900DC71ED /* UIResponder+FindNext.m */,
			);
			path = UIResponder;
			sourceTree = "<group>";
		};
		E122D8331EA0CAB900DC71ED /* UIScreen */ = {
			isa = PBXGroup;
			children = (
				E122D8341EA0CAB900DC71ED /* UIScreen+Hxb.h */,
				E122D8351EA0CAB900DC71ED /* UIScreen+Hxb.m */,
			);
			path = UIScreen;
			sourceTree = "<group>";
		};
		E122D8361EA0CAB900DC71ED /* UIView */ = {
			isa = PBXGroup;
			children = (
				E122D8371EA0CAB900DC71ED /* UIButton+HxbButton.h */,
				E122D8381EA0CAB900DC71ED /* UIButton+HxbButton.m */,
				E122D8391EA0CAB900DC71ED /* UIImageView+HxbSDWebImage.h */,
				E122D83A1EA0CAB900DC71ED /* UIImageView+HxbSDWebImage.m */,
				E122D83B1EA0CAB900DC71ED /* UILabel+HxbLabel.h */,
				E122D83C1EA0CAB900DC71ED /* UILabel+HxbLabel.m */,
				E122D83D1EA0CAB900DC71ED /* UITableView+HxbTableView.h */,
				E122D83E1EA0CAB900DC71ED /* UITableView+HxbTableView.m */,
				E122D83F1EA0CAB900DC71ED /* UIView+HxbView.h */,
				E122D8401EA0CAB900DC71ED /* UIView+HxbView.m */,
			);
			path = UIView;
			sourceTree = "<group>";
		};
		E122D8411EA0CAB900DC71ED /* UIViewController */ = {
			isa = PBXGroup;
			children = (
				E122D8421EA0CAB900DC71ED /* UIViewController+HxbViewController.h */,
				E122D8431EA0CAB900DC71ED /* UIViewController+HxbViewController.m */,
			);
			path = UIViewController;
			sourceTree = "<group>";
		};
/* End PBXGroup section */

/* Begin PBXNativeTarget section */
		4E16D8291E9CD0FE002A1881 /* hoomxb */ = {
			isa = PBXNativeTarget;
			buildConfigurationList = 4E16D8571E9CD0FE002A1881 /* Build configuration list for PBXNativeTarget "hoomxb" */;
			buildPhases = (
				F371DAFC047AF7A268C34DA1 /* [CP] Check Pods Manifest.lock */,
				4E16D8261E9CD0FE002A1881 /* Sources */,
				4E16D8271E9CD0FE002A1881 /* Frameworks */,
				4E16D8281E9CD0FE002A1881 /* Resources */,
				66E283077D9763B274CFFA54 /* [CP] Embed Pods Frameworks */,
				8131C46B2F56F932ACC61550 /* [CP] Copy Pods Resources */,
			);
			buildRules = (
			);
			dependencies = (
			);
			name = hoomxb;
			productName = hoomxb;
			productReference = 4E16D82A1E9CD0FE002A1881 /* hoomxb.app */;
			productType = "com.apple.product-type.application";
		};
		4E16D8421E9CD0FE002A1881 /* hoomxbTests */ = {
			isa = PBXNativeTarget;
			buildConfigurationList = 4E16D85A1E9CD0FE002A1881 /* Build configuration list for PBXNativeTarget "hoomxbTests" */;
			buildPhases = (
				4E16D83F1E9CD0FE002A1881 /* Sources */,
				4E16D8401E9CD0FE002A1881 /* Frameworks */,
				4E16D8411E9CD0FE002A1881 /* Resources */,
			);
			buildRules = (
			);
			dependencies = (
				4E16D8451E9CD0FE002A1881 /* PBXTargetDependency */,
			);
			name = hoomxbTests;
			productName = hoomxbTests;
			productReference = 4E16D8431E9CD0FE002A1881 /* hoomxbTests.xctest */;
			productType = "com.apple.product-type.bundle.unit-test";
		};
		4E16D84D1E9CD0FE002A1881 /* hoomxbUITests */ = {
			isa = PBXNativeTarget;
			buildConfigurationList = 4E16D85D1E9CD0FE002A1881 /* Build configuration list for PBXNativeTarget "hoomxbUITests" */;
			buildPhases = (
				4E16D84A1E9CD0FE002A1881 /* Sources */,
				4E16D84B1E9CD0FE002A1881 /* Frameworks */,
				4E16D84C1E9CD0FE002A1881 /* Resources */,
			);
			buildRules = (
			);
			dependencies = (
				4E16D8501E9CD0FE002A1881 /* PBXTargetDependency */,
			);
			name = hoomxbUITests;
			productName = hoomxbUITests;
			productReference = 4E16D84E1E9CD0FE002A1881 /* hoomxbUITests.xctest */;
			productType = "com.apple.product-type.bundle.ui-testing";
		};
/* End PBXNativeTarget section */

/* Begin PBXProject section */
		4E16D8221E9CD0FE002A1881 /* Project object */ = {
			isa = PBXProject;
			attributes = {
				LastUpgradeCheck = 0820;
				ORGANIZATIONNAME = "hooms\U0010\U0010\U0010\U0010\U0010\U0010\U0010\U0010\U0010\U0010\U0010\U0010\U0010\U0010un-miniX";
				TargetAttributes = {
					4E16D8291E9CD0FE002A1881 = {
						CreatedOnToolsVersion = 8.2.1;
						DevelopmentTeam = Z9M2NMJFP5;
						ProvisioningStyle = Automatic;
					};
					4E16D8421E9CD0FE002A1881 = {
						CreatedOnToolsVersion = 8.2.1;
						DevelopmentTeam = Z9M2NMJFP5;
						ProvisioningStyle = Automatic;
						TestTargetID = 4E16D8291E9CD0FE002A1881;
					};
					4E16D84D1E9CD0FE002A1881 = {
						CreatedOnToolsVersion = 8.2.1;
						DevelopmentTeam = Z9M2NMJFP5;
						ProvisioningStyle = Automatic;
						TestTargetID = 4E16D8291E9CD0FE002A1881;
					};
				};
			};
			buildConfigurationList = 4E16D8251E9CD0FE002A1881 /* Build configuration list for PBXProject "hoomxb" */;
			compatibilityVersion = "Xcode 3.2";
			developmentRegion = English;
			hasScannedForEncodings = 0;
			knownRegions = (
				en,
				Base,
			);
			mainGroup = 4E16D8211E9CD0FE002A1881;
			productRefGroup = 4E16D82B1E9CD0FE002A1881 /* Products */;
			projectDirPath = "";
			projectRoot = "";
			targets = (
				4E16D8291E9CD0FE002A1881 /* hoomxb */,
				4E16D8421E9CD0FE002A1881 /* hoomxbTests */,
				4E16D84D1E9CD0FE002A1881 /* hoomxbUITests */,
			);
		};
/* End PBXProject section */

/* Begin PBXResourcesBuildPhase section */
		4E16D8281E9CD0FE002A1881 /* Resources */ = {
			isa = PBXResourcesBuildPhase;
			buildActionMask = 2147483647;
			files = (
				4E16D83D1E9CD0FE002A1881 /* LaunchScreen.storyboard in Resources */,
				4E16D83A1E9CD0FE002A1881 /* Assets.xcassets in Resources */,
				4E16D8381E9CD0FE002A1881 /* Main.storyboard in Resources */,
			);
			runOnlyForDeploymentPostprocessing = 0;
		};
		4E16D8411E9CD0FE002A1881 /* Resources */ = {
			isa = PBXResourcesBuildPhase;
			buildActionMask = 2147483647;
			files = (
			);
			runOnlyForDeploymentPostprocessing = 0;
		};
		4E16D84C1E9CD0FE002A1881 /* Resources */ = {
			isa = PBXResourcesBuildPhase;
			buildActionMask = 2147483647;
			files = (
			);
			runOnlyForDeploymentPostprocessing = 0;
		};
/* End PBXResourcesBuildPhase section */

/* Begin PBXShellScriptBuildPhase section */
		66E283077D9763B274CFFA54 /* [CP] Embed Pods Frameworks */ = {
			isa = PBXShellScriptBuildPhase;
			buildActionMask = 2147483647;
			files = (
			);
			inputPaths = (
			);
			name = "[CP] Embed Pods Frameworks";
			outputPaths = (
			);
			runOnlyForDeploymentPostprocessing = 0;
			shellPath = /bin/sh;
			shellScript = "\"${SRCROOT}/Pods/Target Support Files/Pods-hoomxb/Pods-hoomxb-frameworks.sh\"\n";
			showEnvVarsInLog = 0;
		};
		8131C46B2F56F932ACC61550 /* [CP] Copy Pods Resources */ = {
			isa = PBXShellScriptBuildPhase;
			buildActionMask = 2147483647;
			files = (
			);
			inputPaths = (
			);
			name = "[CP] Copy Pods Resources";
			outputPaths = (
			);
			runOnlyForDeploymentPostprocessing = 0;
			shellPath = /bin/sh;
			shellScript = "\"${SRCROOT}/Pods/Target Support Files/Pods-hoomxb/Pods-hoomxb-resources.sh\"\n";
			showEnvVarsInLog = 0;
		};
		F371DAFC047AF7A268C34DA1 /* [CP] Check Pods Manifest.lock */ = {
			isa = PBXShellScriptBuildPhase;
			buildActionMask = 2147483647;
			files = (
			);
			inputPaths = (
			);
			name = "[CP] Check Pods Manifest.lock";
			outputPaths = (
			);
			runOnlyForDeploymentPostprocessing = 0;
			shellPath = /bin/sh;
			shellScript = "diff \"${PODS_PODFILE_DIR_PATH}/Podfile.lock\" \"${PODS_ROOT}/Manifest.lock\" > /dev/null\nif [ $? != 0 ] ; then\n    # print error to STDERR\n    echo \"error: The sandbox is not in sync with the Podfile.lock. Run 'pod install' or update your CocoaPods installation.\" >&2\n    exit 1\nfi\n";
			showEnvVarsInLog = 0;
		};
/* End PBXShellScriptBuildPhase section */

/* Begin PBXSourcesBuildPhase section */
		4E16D8261E9CD0FE002A1881 /* Sources */ = {
			isa = PBXSourcesBuildPhase;
			buildActionMask = 2147483647;
			files = (
				4E26E3B01EA0FE660078B419 /* NYHTTPConnection.m in Sources */,
				E122D8551EA0CAB900DC71ED /* NSString+HxbSortDicMD5.m in Sources */,
				4E26E3C71EA0FF4C0078B419 /* UserDefaultManage.m in Sources */,
				E122D84C1EA0CAB900DC71ED /* NSArray+HxbLog.m in Sources */,
				E122D85B1EA0CAB900DC71ED /* UILabel+HxbLabel.m in Sources */,
				4E26E3B91EA0FE790078B419 /* TokenAPI.m in Sources */,
				E122D84E1EA0CAB900DC71ED /* NSObject+HxbRunTime.m in Sources */,
				E122D85E1EA0CAB900DC71ED /* UIViewController+HxbViewController.m in Sources */,
				E122D8531EA0CAB900DC71ED /* NSString+HxbMask.m in Sources */,
				E122D8591EA0CAB900DC71ED /* UIButton+HxbButton.m in Sources */,
				E122D8581EA0CAB900DC71ED /* UIScreen+Hxb.m in Sources */,
				4E26E3C01EA0FEFE0078B419 /* BaseModel.m in Sources */,
				4E16D8351E9CD0FE002A1881 /* ViewController.m in Sources */,
				E122D85A1EA0CAB900DC71ED /* UIImageView+HxbSDWebImage.m in Sources */,
				E122D84A1EA0CAB900DC71ED /* HXBBaseTableViewCell.m in Sources */,
				4E26E3B31EA0FE660078B419 /* NYNetworkManager.m in Sources */,
				4E16D8321E9CD0FE002A1881 /* AppDelegate.m in Sources */,
				E122D84F1EA0CAB900DC71ED /* NSAttributedString+HxbAttributedString.m in Sources */,
				E122D8521EA0CAB900DC71ED /* NSString+HxbHash.m in Sources */,
				E122D8471EA0CAB900DC71ED /* HXBBaseCollectionViewCell.m in Sources */,
				4E26E3B21EA0FE660078B419 /* NYNetworkManager+DefaultMethod.m in Sources */,
				E122D8501EA0CAB900DC71ED /* NSString+CopiesTransfer.m in Sources */,
				E122D8541EA0CAB900DC71ED /* NSString+HxbPerMilMoney.m in Sources */,
				4E26E3B81EA0FE790078B419 /* RequestTestAPI.m in Sources */,
				E122D8511EA0CAB900DC71ED /* NSString+HxbGeneral.m in Sources */,
				E122D8491EA0CAB900DC71ED /* HXBBaseTableView.m in Sources */,
				E122D8461EA0CAB900DC71ED /* HXBBaseCollectionView.m in Sources */,
				E122D8481EA0CAB900DC71ED /* HXBBaseHandDate.m in Sources */,
				E122D85D1EA0CAB900DC71ED /* UIView+HxbView.m in Sources */,
				E122D84B1EA0CAB900DC71ED /* HXBBaseViewController.m in Sources */,
				4E26E3AF1EA0FE660078B419 /* NYBaseRequest.m in Sources */,
				4E26E3BD1EA0FEED0078B419 /* tokenModel.m in Sources */,
				E122D8571EA0CAB900DC71ED /* UIResponder+FindNext.m in Sources */,
				4E26E3C61EA0FF4C0078B419 /* KeyChainManage.m in Sources */,
				E122D85C1EA0CAB900DC71ED /* UITableView+HxbTableView.m in Sources */,
				4E16D82F1E9CD0FE002A1881 /* main.m in Sources */,
				E122D8561EA0CAB900DC71ED /* UIColor+HxbColor.m in Sources */,
				4E26E3B11EA0FE660078B419 /* NYNetworkConfig.m in Sources */,
				E122D84D1EA0CAB900DC71ED /* NSObject+Hxb.m in Sources */,
			);
			runOnlyForDeploymentPostprocessing = 0;
		};
		4E16D83F1E9CD0FE002A1881 /* Sources */ = {
			isa = PBXSourcesBuildPhase;
			buildActionMask = 2147483647;
			files = (
				4E16D8481E9CD0FE002A1881 /* hoomxbTests.m in Sources */,
			);
			runOnlyForDeploymentPostprocessing = 0;
		};
		4E16D84A1E9CD0FE002A1881 /* Sources */ = {
			isa = PBXSourcesBuildPhase;
			buildActionMask = 2147483647;
			files = (
				4E16D8531E9CD0FE002A1881 /* hoomxbUITests.m in Sources */,
			);
			runOnlyForDeploymentPostprocessing = 0;
		};
/* End PBXSourcesBuildPhase section */

/* Begin PBXTargetDependency section */
		4E16D8451E9CD0FE002A1881 /* PBXTargetDependency */ = {
			isa = PBXTargetDependency;
			target = 4E16D8291E9CD0FE002A1881 /* hoomxb */;
			targetProxy = 4E16D8441E9CD0FE002A1881 /* PBXContainerItemProxy */;
		};
		4E16D8501E9CD0FE002A1881 /* PBXTargetDependency */ = {
			isa = PBXTargetDependency;
			target = 4E16D8291E9CD0FE002A1881 /* hoomxb */;
			targetProxy = 4E16D84F1E9CD0FE002A1881 /* PBXContainerItemProxy */;
		};
/* End PBXTargetDependency section */

/* Begin PBXVariantGroup section */
		4E16D8361E9CD0FE002A1881 /* Main.storyboard */ = {
			isa = PBXVariantGroup;
			children = (
				4E16D8371E9CD0FE002A1881 /* Base */,
			);
			name = Main.storyboard;
			sourceTree = "<group>";
		};
		4E16D83B1E9CD0FE002A1881 /* LaunchScreen.storyboard */ = {
			isa = PBXVariantGroup;
			children = (
				4E16D83C1E9CD0FE002A1881 /* Base */,
			);
			name = LaunchScreen.storyboard;
			sourceTree = "<group>";
		};
/* End PBXVariantGroup section */

/* Begin XCBuildConfiguration section */
		4E16D8551E9CD0FE002A1881 /* Debug */ = {
			isa = XCBuildConfiguration;
			buildSettings = {
				ALWAYS_SEARCH_USER_PATHS = NO;
				CLANG_ANALYZER_NONNULL = YES;
				CLANG_CXX_LANGUAGE_STANDARD = "gnu++0x";
				CLANG_CXX_LIBRARY = "libc++";
				CLANG_ENABLE_MODULES = YES;
				CLANG_ENABLE_OBJC_ARC = YES;
				CLANG_WARN_BOOL_CONVERSION = YES;
				CLANG_WARN_CONSTANT_CONVERSION = YES;
				CLANG_WARN_DIRECT_OBJC_ISA_USAGE = YES_ERROR;
				CLANG_WARN_DOCUMENTATION_COMMENTS = YES;
				CLANG_WARN_EMPTY_BODY = YES;
				CLANG_WARN_ENUM_CONVERSION = YES;
				CLANG_WARN_INFINITE_RECURSION = YES;
				CLANG_WARN_INT_CONVERSION = YES;
				CLANG_WARN_OBJC_ROOT_CLASS = YES_ERROR;
				CLANG_WARN_SUSPICIOUS_MOVE = YES;
				CLANG_WARN_UNREACHABLE_CODE = YES;
				CLANG_WARN__DUPLICATE_METHOD_MATCH = YES;
				"CODE_SIGN_IDENTITY[sdk=iphoneos*]" = "iPhone Developer";
				COPY_PHASE_STRIP = NO;
				DEBUG_INFORMATION_FORMAT = dwarf;
				ENABLE_STRICT_OBJC_MSGSEND = YES;
				ENABLE_TESTABILITY = YES;
				GCC_C_LANGUAGE_STANDARD = gnu99;
				GCC_DYNAMIC_NO_PIC = NO;
				GCC_NO_COMMON_BLOCKS = YES;
				GCC_OPTIMIZATION_LEVEL = 0;
				GCC_PREPROCESSOR_DEFINITIONS = (
					"DEBUG=1",
					"$(inherited)",
				);
				GCC_WARN_64_TO_32_BIT_CONVERSION = YES;
				GCC_WARN_ABOUT_RETURN_TYPE = YES_ERROR;
				GCC_WARN_UNDECLARED_SELECTOR = YES;
				GCC_WARN_UNINITIALIZED_AUTOS = YES_AGGRESSIVE;
				GCC_WARN_UNUSED_FUNCTION = YES;
				GCC_WARN_UNUSED_VARIABLE = YES;
				IPHONEOS_DEPLOYMENT_TARGET = 10.2;
				MTL_ENABLE_DEBUG_INFO = YES;
				ONLY_ACTIVE_ARCH = YES;
				SDKROOT = iphoneos;
			};
			name = Debug;
		};
		4E16D8561E9CD0FE002A1881 /* Release */ = {
			isa = XCBuildConfiguration;
			buildSettings = {
				ALWAYS_SEARCH_USER_PATHS = NO;
				CLANG_ANALYZER_NONNULL = YES;
				CLANG_CXX_LANGUAGE_STANDARD = "gnu++0x";
				CLANG_CXX_LIBRARY = "libc++";
				CLANG_ENABLE_MODULES = YES;
				CLANG_ENABLE_OBJC_ARC = YES;
				CLANG_WARN_BOOL_CONVERSION = YES;
				CLANG_WARN_CONSTANT_CONVERSION = YES;
				CLANG_WARN_DIRECT_OBJC_ISA_USAGE = YES_ERROR;
				CLANG_WARN_DOCUMENTATION_COMMENTS = YES;
				CLANG_WARN_EMPTY_BODY = YES;
				CLANG_WARN_ENUM_CONVERSION = YES;
				CLANG_WARN_INFINITE_RECURSION = YES;
				CLANG_WARN_INT_CONVERSION = YES;
				CLANG_WARN_OBJC_ROOT_CLASS = YES_ERROR;
				CLANG_WARN_SUSPICIOUS_MOVE = YES;
				CLANG_WARN_UNREACHABLE_CODE = YES;
				CLANG_WARN__DUPLICATE_METHOD_MATCH = YES;
				"CODE_SIGN_IDENTITY[sdk=iphoneos*]" = "iPhone Developer";
				COPY_PHASE_STRIP = NO;
				DEBUG_INFORMATION_FORMAT = "dwarf-with-dsym";
				ENABLE_NS_ASSERTIONS = NO;
				ENABLE_STRICT_OBJC_MSGSEND = YES;
				GCC_C_LANGUAGE_STANDARD = gnu99;
				GCC_NO_COMMON_BLOCKS = YES;
				GCC_WARN_64_TO_32_BIT_CONVERSION = YES;
				GCC_WARN_ABOUT_RETURN_TYPE = YES_ERROR;
				GCC_WARN_UNDECLARED_SELECTOR = YES;
				GCC_WARN_UNINITIALIZED_AUTOS = YES_AGGRESSIVE;
				GCC_WARN_UNUSED_FUNCTION = YES;
				GCC_WARN_UNUSED_VARIABLE = YES;
				IPHONEOS_DEPLOYMENT_TARGET = 10.2;
				MTL_ENABLE_DEBUG_INFO = NO;
				SDKROOT = iphoneos;
				VALIDATE_PRODUCT = YES;
			};
			name = Release;
		};
		4E16D8581E9CD0FE002A1881 /* Debug */ = {
			isa = XCBuildConfiguration;
			baseConfigurationReference = DD263FCB1559682F39BCB7A9 /* Pods-hoomxb.debug.xcconfig */;
			buildSettings = {
				ASSETCATALOG_COMPILER_APPICON_NAME = AppIcon;
				DEVELOPMENT_TEAM = Z9M2NMJFP5;
				GCC_PREFIX_HEADER = hoomxb/PrefixHeader.pch;
				INFOPLIST_FILE = hoomxb/Info.plist;
				IPHONEOS_DEPLOYMENT_TARGET = 8.0;
				LD_RUNPATH_SEARCH_PATHS = "$(inherited) @executable_path/Frameworks";
				PRODUCT_BUNDLE_IDENTIFIER = com.hoomsun.hoombaby;
				PRODUCT_NAME = "$(TARGET_NAME)";
			};
			name = Debug;
		};
		4E16D8591E9CD0FE002A1881 /* Release */ = {
			isa = XCBuildConfiguration;
			baseConfigurationReference = B0BEC6A7C6764ACD873C45F7 /* Pods-hoomxb.release.xcconfig */;
			buildSettings = {
				ASSETCATALOG_COMPILER_APPICON_NAME = AppIcon;
				DEVELOPMENT_TEAM = Z9M2NMJFP5;
				GCC_PREFIX_HEADER = hoomxb/PrefixHeader.pch;
				INFOPLIST_FILE = hoomxb/Info.plist;
				IPHONEOS_DEPLOYMENT_TARGET = 8.0;
				LD_RUNPATH_SEARCH_PATHS = "$(inherited) @executable_path/Frameworks";
				PRODUCT_BUNDLE_IDENTIFIER = com.hoomsun.hoombaby;
				PRODUCT_NAME = "$(TARGET_NAME)";
			};
			name = Release;
		};
		4E16D85B1E9CD0FE002A1881 /* Debug */ = {
			isa = XCBuildConfiguration;
			buildSettings = {
				BUNDLE_LOADER = "$(TEST_HOST)";
				DEVELOPMENT_TEAM = Z9M2NMJFP5;
				INFOPLIST_FILE = hoomxbTests/Info.plist;
				LD_RUNPATH_SEARCH_PATHS = "$(inherited) @executable_path/Frameworks @loader_path/Frameworks";
				PRODUCT_BUNDLE_IDENTIFIER = "hooms--------------un.hoomxbTests";
				PRODUCT_NAME = "$(TARGET_NAME)";
				TEST_HOST = "$(BUILT_PRODUCTS_DIR)/hoomxb.app/hoomxb";
			};
			name = Debug;
		};
		4E16D85C1E9CD0FE002A1881 /* Release */ = {
			isa = XCBuildConfiguration;
			buildSettings = {
				BUNDLE_LOADER = "$(TEST_HOST)";
				DEVELOPMENT_TEAM = Z9M2NMJFP5;
				INFOPLIST_FILE = hoomxbTests/Info.plist;
				LD_RUNPATH_SEARCH_PATHS = "$(inherited) @executable_path/Frameworks @loader_path/Frameworks";
				PRODUCT_BUNDLE_IDENTIFIER = "hooms--------------un.hoomxbTests";
				PRODUCT_NAME = "$(TARGET_NAME)";
				TEST_HOST = "$(BUILT_PRODUCTS_DIR)/hoomxb.app/hoomxb";
			};
			name = Release;
		};
		4E16D85E1E9CD0FE002A1881 /* Debug */ = {
			isa = XCBuildConfiguration;
			buildSettings = {
				DEVELOPMENT_TEAM = Z9M2NMJFP5;
				INFOPLIST_FILE = hoomxbUITests/Info.plist;
				LD_RUNPATH_SEARCH_PATHS = "$(inherited) @executable_path/Frameworks @loader_path/Frameworks";
				PRODUCT_BUNDLE_IDENTIFIER = "hooms--------------un.hoomxbUITests";
				PRODUCT_NAME = "$(TARGET_NAME)";
				TEST_TARGET_NAME = hoomxb;
			};
			name = Debug;
		};
		4E16D85F1E9CD0FE002A1881 /* Release */ = {
			isa = XCBuildConfiguration;
			buildSettings = {
				DEVELOPMENT_TEAM = Z9M2NMJFP5;
				INFOPLIST_FILE = hoomxbUITests/Info.plist;
				LD_RUNPATH_SEARCH_PATHS = "$(inherited) @executable_path/Frameworks @loader_path/Frameworks";
				PRODUCT_BUNDLE_IDENTIFIER = "hooms--------------un.hoomxbUITests";
				PRODUCT_NAME = "$(TARGET_NAME)";
				TEST_TARGET_NAME = hoomxb;
			};
			name = Release;
		};
/* End XCBuildConfiguration section */

/* Begin XCConfigurationList section */
		4E16D8251E9CD0FE002A1881 /* Build configuration list for PBXProject "hoomxb" */ = {
			isa = XCConfigurationList;
			buildConfigurations = (
				4E16D8551E9CD0FE002A1881 /* Debug */,
				4E16D8561E9CD0FE002A1881 /* Release */,
			);
			defaultConfigurationIsVisible = 0;
			defaultConfigurationName = Release;
		};
		4E16D8571E9CD0FE002A1881 /* Build configuration list for PBXNativeTarget "hoomxb" */ = {
			isa = XCConfigurationList;
			buildConfigurations = (
				4E16D8581E9CD0FE002A1881 /* Debug */,
				4E16D8591E9CD0FE002A1881 /* Release */,
			);
			defaultConfigurationIsVisible = 0;
			defaultConfigurationName = Release;
		};
		4E16D85A1E9CD0FE002A1881 /* Build configuration list for PBXNativeTarget "hoomxbTests" */ = {
			isa = XCConfigurationList;
			buildConfigurations = (
				4E16D85B1E9CD0FE002A1881 /* Debug */,
				4E16D85C1E9CD0FE002A1881 /* Release */,
			);
			defaultConfigurationIsVisible = 0;
			defaultConfigurationName = Release;
		};
		4E16D85D1E9CD0FE002A1881 /* Build configuration list for PBXNativeTarget "hoomxbUITests" */ = {
			isa = XCConfigurationList;
			buildConfigurations = (
				4E16D85E1E9CD0FE002A1881 /* Debug */,
				4E16D85F1E9CD0FE002A1881 /* Release */,
			);
			defaultConfigurationIsVisible = 0;
			defaultConfigurationName = Release;
		};
/* End XCConfigurationList section */
	};
	rootObject = 4E16D8221E9CD0FE002A1881 /* Project object */;
}
